// !$*UTF8*$!
{
	archiveVersion = 1;
	classes = {
	};
	objectVersion = 50;
	objects = {

/* Begin PBXBuildFile section */
		AB38CD3A23F3E1BA007F5B58 /* TableViewController.swift in Sources */ = {isa = PBXBuildFile; fileRef = AB38CD3923F3E1BA007F5B58 /* TableViewController.swift */; };
		AB38CD3C23F48470007F5B58 /* TableViewCell.swift in Sources */ = {isa = PBXBuildFile; fileRef = AB38CD3B23F48470007F5B58 /* TableViewCell.swift */; };
		AB6691DB23F3DF290037FA7F /* AppDelegate.swift in Sources */ = {isa = PBXBuildFile; fileRef = AB6691DA23F3DF290037FA7F /* AppDelegate.swift */; };
		AB6691DD23F3DF290037FA7F /* SceneDelegate.swift in Sources */ = {isa = PBXBuildFile; fileRef = AB6691DC23F3DF290037FA7F /* SceneDelegate.swift */; };
		AB6691DF23F3DF290037FA7F /* ViewController.swift in Sources */ = {isa = PBXBuildFile; fileRef = AB6691DE23F3DF290037FA7F /* ViewController.swift */; };
		AB6691E223F3DF290037FA7F /* Main.storyboard in Resources */ = {isa = PBXBuildFile; fileRef = AB6691E023F3DF290037FA7F /* Main.storyboard */; };
		AB6691E423F3DF2C0037FA7F /* Assets.xcassets in Resources */ = {isa = PBXBuildFile; fileRef = AB6691E323F3DF2C0037FA7F /* Assets.xcassets */; };
		AB6691E723F3DF2C0037FA7F /* LaunchScreen.storyboard in Resources */ = {isa = PBXBuildFile; fileRef = AB6691E523F3DF2C0037FA7F /* LaunchScreen.storyboard */; };
/* End PBXBuildFile section */

/* Begin PBXFileReference section */
		AB38CD3923F3E1BA007F5B58 /* TableViewController.swift */ = {isa = PBXFileReference; lastKnownFileType = sourcecode.swift; path = TableViewController.swift; sourceTree = "<group>"; };
		AB38CD3B23F48470007F5B58 /* TableViewCell.swift */ = {isa = PBXFileReference; lastKnownFileType = sourcecode.swift; path = TableViewCell.swift; sourceTree = "<group>"; };
		AB6691D723F3DF290037FA7F /* PictureInTableView.app */ = {isa = PBXFileReference; explicitFileType = wrapper.application; includeInIndex = 0; path = PictureInTableView.app; sourceTree = BUILT_PRODUCTS_DIR; };
		AB6691DA23F3DF290037FA7F /* AppDelegate.swift */ = {isa = PBXFileReference; lastKnownFileType = sourcecode.swift; path = AppDelegate.swift; sourceTree = "<group>"; };
		AB6691DC23F3DF290037FA7F /* SceneDelegate.swift */ = {isa = PBXFileReference; lastKnownFileType = sourcecode.swift; path = SceneDelegate.swift; sourceTree = "<group>"; };
		AB6691DE23F3DF290037FA7F /* ViewController.swift */ = {isa = PBXFileReference; lastKnownFileType = sourcecode.swift; path = ViewController.swift; sourceTree = "<group>"; };
		AB6691E123F3DF290037FA7F /* Base */ = {isa = PBXFileReference; lastKnownFileType = file.storyboard; name = Base; path = Base.lproj/Main.storyboard; sourceTree = "<group>"; };
		AB6691E323F3DF2C0037FA7F /* Assets.xcassets */ = {isa = PBXFileReference; lastKnownFileType = folder.assetcatalog; path = Assets.xcassets; sourceTree = "<group>"; };
		AB6691E623F3DF2C0037FA7F /* Base */ = {isa = PBXFileReference; lastKnownFileType = file.storyboard; name = Base; path = Base.lproj/LaunchScreen.storyboard; sourceTree = "<group>"; };
		AB6691E823F3DF2C0037FA7F /* Info.plist */ = {isa = PBXFileReference; lastKnownFileType = text.plist.xml; path = Info.plist; sourceTree = "<group>"; };
/* End PBXFileReference section */

/* Begin PBXFrameworksBuildPhase section */
		AB6691D423F3DF290037FA7F /* Frameworks */ = {
			isa = PBXFrameworksBuildPhase;
			buildActionMask = 2147483647;
			files = (
			);
			runOnlyForDeploymentPostprocessing = 0;
		};
/* End PBXFrameworksBuildPhase section */

/* Begin PBXGroup section */
		AB6691CE23F3DF290037FA7F = {
			isa = PBXGroup;
			children = (
				AB6691D923F3DF290037FA7F /* PictureInTableView */,
				AB6691D823F3DF290037FA7F /* Products */,
			);
			sourceTree = "<group>";
		};
		AB6691D823F3DF290037FA7F /* Products */ = {
			isa = PBXGroup;
			children = (
				AB6691D723F3DF290037FA7F /* PictureInTableView.app */,
			);
			name = Products;
			sourceTree = "<group>";
		};
		AB6691D923F3DF290037FA7F /* PictureInTableView */ = {
			isa = PBXGroup;
			children = (
				AB6691DA23F3DF290037FA7F /* AppDelegate.swift */,
				AB6691DC23F3DF290037FA7F /* SceneDelegate.swift */,
				AB6691DE23F3DF290037FA7F /* ViewController.swift */,
				AB38CD3923F3E1BA007F5B58 /* TableViewController.swift */,
				AB6691E023F3DF290037FA7F /* Main.storyboard */,
				AB6691E323F3DF2C0037FA7F /* Assets.xcassets */,
				AB6691E523F3DF2C0037FA7F /* LaunchScreen.storyboard */,
				AB6691E823F3DF2C0037FA7F /* Info.plist */,
				AB38CD3B23F48470007F5B58 /* TableViewCell.swift */,
			);
			path = PictureInTableView;
			sourceTree = "<group>";
		};
/* End PBXGroup section */

/* Begin PBXNativeTarget section */
		AB6691D623F3DF290037FA7F /* PictureInTableView */ = {
			isa = PBXNativeTarget;
			buildConfigurationList = AB6691EB23F3DF2C0037FA7F /* Build configuration list for PBXNativeTarget "PictureInTableView" */;
			buildPhases = (
				AB6691D323F3DF290037FA7F /* Sources */,
				AB6691D423F3DF290037FA7F /* Frameworks */,
				AB6691D523F3DF290037FA7F /* Resources */,
			);
			buildRules = (
			);
			dependencies = (
			);
			name = PictureInTableView;
			productName = PictureInTableView;
			productReference = AB6691D723F3DF290037FA7F /* PictureInTableView.app */;
			productType = "com.apple.product-type.application";
		};
/* End PBXNativeTarget section */

/* Begin PBXProject section */
		AB6691CF23F3DF290037FA7F /* Project object */ = {
			isa = PBXProject;
			attributes = {
				LastSwiftUpdateCheck = 1100;
				LastUpgradeCheck = 1100;
				ORGANIZATIONNAME = "Xcode Tips";
				TargetAttributes = {
					AB6691D623F3DF290037FA7F = {
						CreatedOnToolsVersion = 11.0;
					};
				};
			};
			buildConfigurationList = AB6691D223F3DF290037FA7F /* Build configuration list for PBXProject "PictureInTableView" */;
			compatibilityVersion = "Xcode 9.3";
			developmentRegion = en;
			hasScannedForEncodings = 0;
			knownRegions = (
				en,
				Base,
			);
			mainGroup = AB6691CE23F3DF290037FA7F;
			productRefGroup = AB6691D823F3DF290037FA7F /* Products */;
			projectDirPath = "";
			projectRoot = "";
			targets = (
				AB6691D623F3DF290037FA7F /* PictureInTableView */,
			);
		};
/* End PBXProject section */

/* Begin PBXResourcesBuildPhase section */
		AB6691D523F3DF290037FA7F /* Resources */ = {
			isa = PBXResourcesBuildPhase;
			buildActionMask = 2147483647;
			files = (
				AB6691E723F3DF2C0037FA7F /* LaunchScreen.storyboard in Resources */,
				AB6691E423F3DF2C0037FA7F /* Assets.xcassets in Resources */,
				AB6691E223F3DF290037FA7F /* Main.storyboard in Resources */,
			);
			runOnlyForDeploymentPostprocessing = 0;
		};
/* End PBXResourcesBuildPhase section */

/* Begin PBXSourcesBuildPhase section */
		AB6691D323F3DF290037FA7F /* Sources */ = {
			isa = PBXSourcesBuildPhase;
			buildActionMask = 2147483647;
			files = (
				AB38CD3C23F48470007F5B58 /* TableViewCell.swift in Sources */,
				AB6691DF23F3DF290037FA7F /* ViewController.swift in Sources */,
				AB6691DB23F3DF290037FA7F /* AppDelegate.swift in Sources */,
				AB6691DD23F3DF290037FA7F /* SceneDelegate.swift in Sources */,
				AB38CD3A23F3E1BA007F5B58 /* TableViewController.swift in Sources */,
			);
			runOnlyForDeploymentPostprocessing = 0;
		};
/* End PBXSourcesBuildPhase section */

/* Begin PBXVariantGroup section */
		AB6691E023F3DF290037FA7F /* Main.storyboard */ = {
			isa = PBXVariantGroup;
			children = (
				AB6691E123F3DF290037FA7F /* Base */,
			);
			name = Main.storyboard;
			sourceTree = "<group>";
		};
		AB6691E523F3DF2C0037FA7F /* LaunchScreen.storyboard */ = {
			isa = PBXVariantGroup;
			children = (
				AB6691E623F3DF2C0037FA7F /* Base */,
			);
			name = LaunchScreen.storyboard;
			sourceTree = "<group>";
		};
/* End PBXVariantGroup section */

/* Begin XCBuildConfiguration section */
		AB6691E923F3DF2C0037FA7F /* Debug */ = {
			isa = XCBuildConfiguration;
			buildSettings = {
				ALWAYS_SEARCH_USER_PATHS = NO;
				CLANG_ANALYZER_NONNULL = YES;
				CLANG_ANALYZER_NUMBER_OBJECT_CONVERSION = YES_AGGRESSIVE;
				CLANG_CXX_LANGUAGE_STANDARD = "gnu++14";
				CLANG_CXX_LIBRARY = "libc++";
				CLANG_ENABLE_MODULES = YES;
				CLANG_ENABLE_OBJC_ARC = YES;
				CLANG_ENABLE_OBJC_WEAK = YES;
				CLANG_WARN_BLOCK_CAPTURE_AUTORELEASING = YES;
				CLANG_WARN_BOOL_CONVERSION = YES;
				CLANG_WARN_COMMA = YES;
				CLANG_WARN_CONSTANT_CONVERSION = YES;
				CLANG_WARN_DEPRECATED_OBJC_IMPLEMENTATIONS = YES;
				CLANG_WARN_DIRECT_OBJC_ISA_USAGE = YES_ERROR;
				CLANG_WARN_DOCUMENTATION_COMMENTS = YES;
				CLANG_WARN_EMPTY_BODY = YES;
				CLANG_WARN_ENUM_CONVERSION = YES;
				CLANG_WARN_INFINITE_RECURSION = YES;
				CLANG_WARN_INT_CONVERSION = YES;
				CLANG_WARN_NON_LITERAL_NULL_CONVERSION = YES;
				CLANG_WARN_OBJC_IMPLICIT_RETAIN_SELF = YES;
				CLANG_WARN_OBJC_LITERAL_CONVERSION = YES;
				CLANG_WARN_OBJC_ROOT_CLASS = YES_ERROR;
				CLANG_WARN_RANGE_LOOP_ANALYSIS = YES;
				CLANG_WARN_STRICT_PROTOTYPES = YES;
				CLANG_WARN_SUSPICIOUS_MOVE = YES;
				CLANG_WARN_UNGUARDED_AVAILABILITY = YES_AGGRESSIVE;
				CLANG_WARN_UNREACHABLE_CODE = YES;
				CLANG_WARN__DUPLICATE_METHOD_MATCH = YES;
				COPY_PHASE_STRIP = NO;
				DEBUG_INFORMATION_FORMAT = dwarf;
				ENABLE_STRICT_OBJC_MSGSEND = YES;
				ENABLE_TESTABILITY = YES;
				GCC_C_LANGUAGE_STANDARD = gnu11;
				GCC_DYNAMIC_NO_PIC = NO;
				GCC_NO_COMMON_BLOCKS = YES;
				GCC_OPTIMIZATION_LEVEL = 0;
				GCC_PREPROCESSOR_DEFINITIONS = (
					"DEBUG=1",
					"$(inherited)",
				);
				GCC_WARN_64_TO_32_BIT_CONVERSION = YES;
				GCC_WARN_ABOUT_RETURN_TYPE = YES_ERROR;
				GCC_WARN_UNDECLARED_SELECTOR = YES;
				GCC_WARN_UNINITIALIZED_AUTOS = YES_AGGRESSIVE;
				GCC_WARN_UNUSED_FUNCTION = YES;
				GCC_WARN_UNUSED_VARIABLE = YES;
				IPHONEOS_DEPLOYMENT_TARGET = 13.0;
				MTL_ENABLE_DEBUG_INFO = INCLUDE_SOURCE;
				MTL_FAST_MATH = YES;
				ONLY_ACTIVE_ARCH = YES;
				SDKROOT = iphoneos;
				SWIFT_ACTIVE_COMPILATION_CONDITIONS = DEBUG;
				SWIFT_OPTIMIZATION_LEVEL = "-Onone";
			};
			name = Debug;
		};
		AB6691EA23F3DF2C0037FA7F /* Release */ = {
			isa = XCBuildConfiguration;
			buildSettings = {
				ALWAYS_SEARCH_USER_PATHS = NO;
				CLANG_ANALYZER_NONNULL = YES;
				CLANG_ANALYZER_NUMBER_OBJECT_CONVERSION = YES_AGGRESSIVE;
				CLANG_CXX_LANGUAGE_STANDARD = "gnu++14";
				CLANG_CXX_LIBRARY = "libc++";
				CLANG_ENABLE_MODULES = YES;
				CLANG_ENABLE_OBJC_ARC = YES;
				CLANG_ENABLE_OBJC_WEAK = YES;
				CLANG_WARN_BLOCK_CAPTURE_AUTORELEASING = YES;
				CLANG_WARN_BOOL_CONVERSION = YES;
				CLANG_WARN_COMMA = YES;
				CLANG_WARN_CONSTANT_CONVERSION = YES;
				CLANG_WARN_DEPRECATED_OBJC_IMPLEMENTATIONS = YES;
				CLANG_WARN_DIRECT_OBJC_ISA_USAGE = YES_ERROR;
				CLANG_WARN_DOCUMENTATION_COMMENTS = YES;
				CLANG_WARN_EMPTY_BODY = YES;
				CLANG_WARN_ENUM_CONVERSION = YES;
				CLANG_WARN_INFINITE_RECURSION = YES;
				CLANG_WARN_INT_CONVERSION = YES;
				CLANG_WARN_NON_LITERAL_NULL_CONVERSION = YES;
				CLANG_WARN_OBJC_IMPLICIT_RETAIN_SELF = YES;
				CLANG_WARN_OBJC_LITERAL_CONVERSION = YES;
				CLANG_WARN_OBJC_ROOT_CLASS = YES_ERROR;
				CLANG_WARN_RANGE_LOOP_ANALYSIS = YES;
				CLANG_WARN_STRICT_PROTOTYPES = YES;
				CLANG_WARN_SUSPICIOUS_MOVE = YES;
				CLANG_WARN_UNGUARDED_AVAILABILITY = YES_AGGRESSIVE;
				CLANG_WARN_UNREACHABLE_CODE = YES;
				CLANG_WARN__DUPLICATE_METHOD_MATCH = YES;
				COPY_PHASE_STRIP = NO;
				DEBUG_INFORMATION_FORMAT = "dwarf-with-dsym";
				ENABLE_NS_ASSERTIONS = NO;
				ENABLE_STRICT_OBJC_MSGSEND = YES;
				GCC_C_LANGUAGE_STANDARD = gnu11;
				GCC_NO_COMMON_BLOCKS = YES;
				GCC_WARN_64_TO_32_BIT_CONVERSION = YES;
				GCC_WARN_ABOUT_RETURN_TYPE = YES_ERROR;
				GCC_WARN_UNDECLARED_SELECTOR = YES;
				GCC_WARN_UNINITIALIZED_AUTOS = YES_AGGRESSIVE;
				GCC_WARN_UNUSED_FUNCTION = YES;
				GCC_WARN_UNUSED_VARIABLE = YES;
				IPHONEOS_DEPLOYMENT_TARGET = 13.0;
				MTL_ENABLE_DEBUG_INFO = NO;
				MTL_FAST_MATH = YES;
				SDKROOT = iphoneos;
				SWIFT_COMPILATION_MODE = wholemodule;
				SWIFT_OPTIMIZATION_LEVEL = "-O";
				VALIDATE_PRODUCT = YES;
			};
			name = Release;
		};
		AB6691EC23F3DF2C0037FA7F /* Debug */ = {
			isa = XCBuildConfiguration;
			buildSettings = {
				ASSETCATALOG_COMPILER_APPICON_NAME = AppIcon;
				CODE_SIGN_STYLE = Automatic;
				DEVELOPMENT_TEAM = J36XH69Z83;
				INFOPLIST_FILE = PictureInTableView/Info.plist;
				LD_RUNPATH_SEARCH_PATHS = (
					"$(inherited)",
					"@executable_path/Frameworks",
				);
				PRODUCT_BUNDLE_IDENTIFIER = com.xcodetips.PictureInTableView;
				PRODUCT_NAME = "$(TARGET_NAME)";
				SWIFT_VERSION = 5.0;
				TARGETED_DEVICE_FAMILY = "1,2";
			};
			name = Debug;
		};
		AB6691ED23F3DF2C0037FA7F /* Release */ = {
			isa = XCBuildConfiguration;
			buildSettings = {
				ASSETCATALOG_COMPILER_APPICON_NAME = AppIcon;
				CODE_SIGN_STYLE = Automatic;
				DEVELOPMENT_TEAM = J36XH69Z83;
				INFOPLIST_FILE = PictureInTableView/Info.plist;
				LD_RUNPATH_SEARCH_PATHS = (
					"$(inherited)",
					"@executable_path/Frameworks",
				);
				PRODUCT_BUNDLE_IDENTIFIER = com.xcodetips.PictureInTableView;
				PRODUCT_NAME = "$(TARGET_NAME)";
				SWIFT_VERSION = 5.0;
				TARGETED_DEVICE_FAMILY = "1,2";
			};
			name = Release;
		};
/* End XCBuildConfiguration section */

/* Begin XCConfigurationList section */
		AB6691D223F3DF290037FA7F /* Build configuration list for PBXProject "PictureInTableView" */ = {
			isa = XCConfigurationList;
			buildConfigurations = (
				AB6691E923F3DF2C0037FA7F /* Debug */,
				AB6691EA23F3DF2C0037FA7F /* Release */,
			);
			defaultConfigurationIsVisible = 0;
			defaultConfigurationName = Release;
		};
		AB6691EB23F3DF2C0037FA7F /* Build configuration list for PBXNativeTarget "PictureInTableView" */ = {
			isa = XCConfigurationList;
			buildConfigurations = (
				AB6691EC23F3DF2C0037FA7F /* Debug */,
				AB6691ED23F3DF2C0037FA7F /* Release */,
			);
			defaultConfigurationIsVisible = 0;
			defaultConfigurationName = Release;
		};
/* End XCConfigurationList section */
	};
	rootObject = AB6691CF23F3DF290037FA7F /* Project object */;
}
